
Microsoft Visual Studio Solution File, Format Version 12.00
# Visual Studio Version 17
VisualStudioVersion = 17.7.34202.233
MinimumVisualStudioVersion = 10.0.40219.1
Project("{8BC9CEB8-8B4A-11D0-8D11-00A0C91BC942}") = "mt3_02_07", "mt3_02_07.vcxproj", "{6E8B15FA-D635-4DA4-B5BE-47433012269D}"
EndProject
Global
	GlobalSection(SolutionConfigurationPlatforms) = preSolution
		Debug|x64 = Debug|x64
		Release|x64 = Release|x64
	EndGlobalSection
	GlobalSection(ProjectConfigurationPlatforms) = postSolution
		{6E8B15FA-D635-4DA4-B5BE-47433012269D}.Debug|x64.ActiveCfg = Debug|x64
		{6E8B15FA-D635-4DA4-B5BE-47433012269D}.Debug|x64.Build.0 = Debug|x64
		{6E8B15FA-D635-4DA4-B5BE-47433012269D}.Release|x64.ActiveCfg = Release|x64
		{6E8B15FA-D635-4DA4-B5BE-47433012269D}.Release|x64.Build.0 = Release|x64
	EndGlobalSection
	GlobalSection(SolutionProperties) = preSolution
		HideSolutionNode = FALSE
	EndGlobalSection
	GlobalSection(ExtensibilityGlobals) = postSolution
		SolutionGuid = {ACBF8E46-1C50-427D-8DCB-90309F9D1526}
	EndGlobalSection
EndGlobal
